
Microsoft Visual Studio Solution File, Format Version 12.00
# Visual Studio Version 17
VisualStudioVersion = 17.0.31903.59
MinimumVisualStudioVersion = 10.0.40219.1
Project("{FAE04EC0-301F-11D3-BF4B-00C04F79EFBC}") = "FizzBuzzGame.Core", "FizzBuzzGame.Core\FizzBuzzGame.Core.csproj", "{EEEBF9D8-B685-4DDF-A729-E80149B592E2}"
EndProject
Project("{FAE04EC0-301F-11D3-BF4B-00C04F79EFBC}") = "FizzBuzzGame.App", "FizzBuzzGame.App\FizzBuzzGame.App.csproj", "{D134CBC2-73F3-461E-BB17-34AC3C70BC48}"
EndProject
Project("{FAE04EC0-301F-11D3-BF4B-00C04F79EFBC}") = "FizzBuzzGame.Tests", "FizzBuzzGame.Tests\FizzBuzzGame.Tests.csproj", "{CF4EF829-E582-4A37-BF96-8781052008E8}"
EndProject
Global
	GlobalSection(SolutionConfigurationPlatforms) = preSolution
		Debug|Any CPU = Debug|Any CPU
		Debug|x64 = Debug|x64
		Debug|x86 = Debug|x86
		Release|Any CPU = Release|Any CPU
		Release|x64 = Release|x64
		Release|x86 = Release|x86
	EndGlobalSection
	GlobalSection(ProjectConfigurationPlatforms) = postSolution
		{EEEBF9D8-B685-4DDF-A729-E80149B592E2}.Debug|Any CPU.ActiveCfg = Debug|Any CPU
		{EEEBF9D8-B685-4DDF-A729-E80149B592E2}.Debug|Any CPU.Build.0 = Debug|Any CPU
		{EEEBF9D8-B685-4DDF-A729-E80149B592E2}.Debug|x64.ActiveCfg = Debug|Any CPU
		{EEEBF9D8-B685-4DDF-A729-E80149B592E2}.Debug|x64.Build.0 = Debug|Any CPU
		{EEEBF9D8-B685-4DDF-A729-E80149B592E2}.Debug|x86.ActiveCfg = Debug|Any CPU
		{EEEBF9D8-B685-4DDF-A729-E80149B592E2}.Debug|x86.Build.0 = Debug|Any CPU
		{EEEBF9D8-B685-4DDF-A729-E80149B592E2}.Release|Any CPU.ActiveCfg = Release|Any CPU
		{EEEBF9D8-B685-4DDF-A729-E80149B592E2}.Release|Any CPU.Build.0 = Release|Any CPU
		{EEEBF9D8-B685-4DDF-A729-E80149B592E2}.Release|x64.ActiveCfg = Release|Any CPU
		{EEEBF9D8-B685-4DDF-A729-E80149B592E2}.Release|x64.Build.0 = Release|Any CPU
		{EEEBF9D8-B685-4DDF-A729-E80149B592E2}.Release|x86.ActiveCfg = Release|Any CPU
		{EEEBF9D8-B685-4DDF-A729-E80149B592E2}.Release|x86.Build.0 = Release|Any CPU
		{D134CBC2-73F3-461E-BB17-34AC3C70BC48}.Debug|Any CPU.ActiveCfg = Debug|Any CPU
		{D134CBC2-73F3-461E-BB17-34AC3C70BC48}.Debug|Any CPU.Build.0 = Debug|Any CPU
		{D134CBC2-73F3-461E-BB17-34AC3C70BC48}.Debug|x64.ActiveCfg = Debug|Any CPU
		{D134CBC2-73F3-461E-BB17-34AC3C70BC48}.Debug|x64.Build.0 = Debug|Any CPU
		{D134CBC2-73F3-461E-BB17-34AC3C70BC48}.Debug|x86.ActiveCfg = Debug|Any CPU
		{D134CBC2-73F3-461E-BB17-34AC3C70BC48}.Debug|x86.Build.0 = Debug|Any CPU
		{D134CBC2-73F3-461E-BB17-34AC3C70BC48}.Release|Any CPU.ActiveCfg = Release|Any CPU
		{D134CBC2-73F3-461E-BB17-34AC3C70BC48}.Release|Any CPU.Build.0 = Release|Any CPU
		{D134CBC2-73F3-461E-BB17-34AC3C70BC48}.Release|x64.ActiveCfg = Release|Any CPU
		{D134CBC2-73F3-461E-BB17-34AC3C70BC48}.Release|x64.Build.0 = Release|Any CPU
		{D134CBC2-73F3-461E-BB17-34AC3C70BC48}.Release|x86.ActiveCfg = Release|Any CPU
		{D134CBC2-73F3-461E-BB17-34AC3C70BC48}.Release|x86.Build.0 = Release|Any CPU
		{CF4EF829-E582-4A37-BF96-8781052008E8}.Debug|Any CPU.ActiveCfg = Debug|Any CPU
		{CF4EF829-E582-4A37-BF96-8781052008E8}.Debug|Any CPU.Build.0 = Debug|Any CPU
		{CF4EF829-E582-4A37-BF96-8781052008E8}.Debug|x64.ActiveCfg = Debug|Any CPU
		{CF4EF829-E582-4A37-BF96-8781052008E8}.Debug|x64.Build.0 = Debug|Any CPU
		{CF4EF829-E582-4A37-BF96-8781052008E8}.Debug|x86.ActiveCfg = Debug|Any CPU
		{CF4EF829-E582-4A37-BF96-8781052008E8}.Debug|x86.Build.0 = Debug|Any CPU
		{CF4EF829-E582-4A37-BF96-8781052008E8}.Release|Any CPU.ActiveCfg = Release|Any CPU
		{CF4EF829-E582-4A37-BF96-8781052008E8}.Release|Any CPU.Build.0 = Release|Any CPU
		{CF4EF829-E582-4A37-BF96-8781052008E8}.Release|x64.ActiveCfg = Release|Any CPU
		{CF4EF829-E582-4A37-BF96-8781052008E8}.Release|x64.Build.0 = Release|Any CPU
		{CF4EF829-E582-4A37-BF96-8781052008E8}.Release|x86.ActiveCfg = Release|Any CPU
		{CF4EF829-E582-4A37-BF96-8781052008E8}.Release|x86.Build.0 = Release|Any CPU
	EndGlobalSection
	GlobalSection(SolutionProperties) = preSolution
		HideSolutionNode = FALSE
	EndGlobalSection
EndGlobal
